
Microsoft Visual Studio Solution File, Format Version 12.00
# Visual Studio Version 17
VisualStudioVersion = 17.9.34728.123
MinimumVisualStudioVersion = 10.0.40219.1
Project("{FAE04EC0-301F-11D3-BF4B-00C04F79EFBC}") = "AzureEmail", "AzureEmail.csproj", "{AE8B9213-ED9F-4E6E-8365-EB2460764D74}"
EndProject
Global
	GlobalSection(SolutionConfigurationPlatforms) = preSolution
		Debug|Any CPU = Debug|Any CPU
		Release|Any CPU = Release|Any CPU
	EndGlobalSection
	GlobalSection(ProjectConfigurationPlatforms) = postSolution
		{AE8B9213-ED9F-4E6E-8365-EB2460764D74}.Debug|Any CPU.ActiveCfg = Debug|Any CPU
		{AE8B9213-ED9F-4E6E-8365-EB2460764D74}.Debug|Any CPU.Build.0 = Debug|Any CPU
		{AE8B9213-ED9F-4E6E-8365-EB2460764D74}.Release|Any CPU.ActiveCfg = Release|Any CPU
		{AE8B9213-ED9F-4E6E-8365-EB2460764D74}.Release|Any CPU.Build.0 = Release|Any CPU
	EndGlobalSection
	GlobalSection(SolutionProperties) = preSolution
		HideSolutionNode = FALSE
	EndGlobalSection
	GlobalSection(ExtensibilityGlobals) = postSolution
		SolutionGuid = {4E5AAF05-97C2-419D-B228-EAC88DC2EB53}
	EndGlobalSection
EndGlobal
